
Microsoft Visual Studio Solution File, Format Version 12.00
Project("{2150E333-8FDC-42A3-9474-1A3956D46DE8}") = "src", "src", "{9DF15189-4B88-4166-B5DE-974F91616CA2}"
EndProject
Project("{2150E333-8FDC-42A3-9474-1A3956D46DE8}") = "tests", "tests", "{73AF0ADD-0D0D-419F-996C-66AF0BA3524B}"
EndProject
Project("{2150E333-8FDC-42A3-9474-1A3956D46DE8}") = "backend", "backend", "{0C297A3C-365F-42FA-9849-E50F834ED23B}"
EndProject
Project("{2150E333-8FDC-42A3-9474-1A3956D46DE8}") = "shared", "shared", "{99E49004-5804-40C6-BB57-9F1437629E6B}"
EndProject
Project("{FAE04EC0-301F-11D3-BF4B-00C04F79EFBC}") = "MRB.Api", "src\MRB.Api\MRB.Api.csproj", "{DBB3F214-21AB-419B-9CDD-04450FD9986A}"
EndProject
Project("{FAE04EC0-301F-11D3-BF4B-00C04F79EFBC}") = "MRB.Domain", "src\MRB.Domain\MRB.Domain.csproj", "{38CE8F0C-8D7E-4637-924F-0F7235F706B5}"
EndProject
Project("{FAE04EC0-301F-11D3-BF4B-00C04F79EFBC}") = "MRB.Infra", "src\MRB.Infra\MRB.Infra.csproj", "{D8D0B2EF-549A-4239-B0D0-52B692B83EA1}"
EndProject
Project("{FAE04EC0-301F-11D3-BF4B-00C04F79EFBC}") = "MRB.Application", "src\MRB.Application\MRB.Application.csproj", "{4966E167-1228-462B-9D49-F0203C4CE760}"
EndProject
Project("{FAE04EC0-301F-11D3-BF4B-00C04F79EFBC}") = "MRB.Communication", "src\MRB.Communication\MRB.Communication.csproj", "{3FDD7A78-855D-4EC9-BABD-EC8706DCC2CC}"
EndProject
Project("{FAE04EC0-301F-11D3-BF4B-00C04F79EFBC}") = "MRB.Exceptions", "src\MRB.Exceptions\MRB.Exceptions.csproj", "{30EAA88C-DC7A-4BC6-9EDC-0DFC85490130}"
EndProject
Project("{FAE04EC0-301F-11D3-BF4B-00C04F79EFBC}") = "MRB.UseCaseTest", "tests\MRB.UseCaseTest\MRB.UseCaseTest.csproj", "{E375A7CC-31B4-4B53-A352-92B071460F18}"
EndProject
Project("{FAE04EC0-301F-11D3-BF4B-00C04F79EFBC}") = "MRB.CommonTest", "tests\MRB.CommonTest\MRB.CommonTest.csproj", "{A2CC9D67-B080-43BC-8D26-4794CF24415A}"
EndProject
Project("{FAE04EC0-301F-11D3-BF4B-00C04F79EFBC}") = "MRB.WebApiTest", "tests\MRB.WebApiTest\MRB.WebApiTest.csproj", "{D3017DDA-3CBF-408C-BF39-185310A04817}"
EndProject
Project("{FAE04EC0-301F-11D3-BF4B-00C04F79EFBC}") = "MRB.ValidatorsTest", "tests\MRB.ValidatorsTest\MRB.ValidatorsTest.csproj", "{E9CEF5E9-B2BC-4F8A-82E8-F0D2D8929914}"
EndProject
Global
	GlobalSection(SolutionConfigurationPlatforms) = preSolution
		Debug|Any CPU = Debug|Any CPU
		Release|Any CPU = Release|Any CPU
	EndGlobalSection
	GlobalSection(NestedProjects) = preSolution
		{0C297A3C-365F-42FA-9849-E50F834ED23B} = {9DF15189-4B88-4166-B5DE-974F91616CA2}
		{99E49004-5804-40C6-BB57-9F1437629E6B} = {9DF15189-4B88-4166-B5DE-974F91616CA2}
		{DBB3F214-21AB-419B-9CDD-04450FD9986A} = {0C297A3C-365F-42FA-9849-E50F834ED23B}
		{38CE8F0C-8D7E-4637-924F-0F7235F706B5} = {0C297A3C-365F-42FA-9849-E50F834ED23B}
		{D8D0B2EF-549A-4239-B0D0-52B692B83EA1} = {0C297A3C-365F-42FA-9849-E50F834ED23B}
		{4966E167-1228-462B-9D49-F0203C4CE760} = {0C297A3C-365F-42FA-9849-E50F834ED23B}
		{3FDD7A78-855D-4EC9-BABD-EC8706DCC2CC} = {99E49004-5804-40C6-BB57-9F1437629E6B}
		{30EAA88C-DC7A-4BC6-9EDC-0DFC85490130} = {99E49004-5804-40C6-BB57-9F1437629E6B}
		{E375A7CC-31B4-4B53-A352-92B071460F18} = {73AF0ADD-0D0D-419F-996C-66AF0BA3524B}
		{A2CC9D67-B080-43BC-8D26-4794CF24415A} = {73AF0ADD-0D0D-419F-996C-66AF0BA3524B}
		{D3017DDA-3CBF-408C-BF39-185310A04817} = {73AF0ADD-0D0D-419F-996C-66AF0BA3524B}
		{E9CEF5E9-B2BC-4F8A-82E8-F0D2D8929914} = {73AF0ADD-0D0D-419F-996C-66AF0BA3524B}
	EndGlobalSection
	GlobalSection(ProjectConfigurationPlatforms) = postSolution
		{DBB3F214-21AB-419B-9CDD-04450FD9986A}.Debug|Any CPU.ActiveCfg = Debug|Any CPU
		{DBB3F214-21AB-419B-9CDD-04450FD9986A}.Debug|Any CPU.Build.0 = Debug|Any CPU
		{DBB3F214-21AB-419B-9CDD-04450FD9986A}.Release|Any CPU.ActiveCfg = Release|Any CPU
		{DBB3F214-21AB-419B-9CDD-04450FD9986A}.Release|Any CPU.Build.0 = Release|Any CPU
		{38CE8F0C-8D7E-4637-924F-0F7235F706B5}.Debug|Any CPU.ActiveCfg = Debug|Any CPU
		{38CE8F0C-8D7E-4637-924F-0F7235F706B5}.Debug|Any CPU.Build.0 = Debug|Any CPU
		{38CE8F0C-8D7E-4637-924F-0F7235F706B5}.Release|Any CPU.ActiveCfg = Release|Any CPU
		{38CE8F0C-8D7E-4637-924F-0F7235F706B5}.Release|Any CPU.Build.0 = Release|Any CPU
		{D8D0B2EF-549A-4239-B0D0-52B692B83EA1}.Debug|Any CPU.ActiveCfg = Debug|Any CPU
		{D8D0B2EF-549A-4239-B0D0-52B692B83EA1}.Debug|Any CPU.Build.0 = Debug|Any CPU
		{D8D0B2EF-549A-4239-B0D0-52B692B83EA1}.Release|Any CPU.ActiveCfg = Release|Any CPU
		{D8D0B2EF-549A-4239-B0D0-52B692B83EA1}.Release|Any CPU.Build.0 = Release|Any CPU
		{4966E167-1228-462B-9D49-F0203C4CE760}.Debug|Any CPU.ActiveCfg = Debug|Any CPU
		{4966E167-1228-462B-9D49-F0203C4CE760}.Debug|Any CPU.Build.0 = Debug|Any CPU
		{4966E167-1228-462B-9D49-F0203C4CE760}.Release|Any CPU.ActiveCfg = Release|Any CPU
		{4966E167-1228-462B-9D49-F0203C4CE760}.Release|Any CPU.Build.0 = Release|Any CPU
		{3FDD7A78-855D-4EC9-BABD-EC8706DCC2CC}.Debug|Any CPU.ActiveCfg = Debug|Any CPU
		{3FDD7A78-855D-4EC9-BABD-EC8706DCC2CC}.Debug|Any CPU.Build.0 = Debug|Any CPU
		{3FDD7A78-855D-4EC9-BABD-EC8706DCC2CC}.Release|Any CPU.ActiveCfg = Release|Any CPU
		{3FDD7A78-855D-4EC9-BABD-EC8706DCC2CC}.Release|Any CPU.Build.0 = Release|Any CPU
		{30EAA88C-DC7A-4BC6-9EDC-0DFC85490130}.Debug|Any CPU.ActiveCfg = Debug|Any CPU
		{30EAA88C-DC7A-4BC6-9EDC-0DFC85490130}.Debug|Any CPU.Build.0 = Debug|Any CPU
		{30EAA88C-DC7A-4BC6-9EDC-0DFC85490130}.Release|Any CPU.ActiveCfg = Release|Any CPU
		{30EAA88C-DC7A-4BC6-9EDC-0DFC85490130}.Release|Any CPU.Build.0 = Release|Any CPU
		{E375A7CC-31B4-4B53-A352-92B071460F18}.Debug|Any CPU.ActiveCfg = Debug|Any CPU
		{E375A7CC-31B4-4B53-A352-92B071460F18}.Debug|Any CPU.Build.0 = Debug|Any CPU
		{E375A7CC-31B4-4B53-A352-92B071460F18}.Release|Any CPU.ActiveCfg = Release|Any CPU
		{E375A7CC-31B4-4B53-A352-92B071460F18}.Release|Any CPU.Build.0 = Release|Any CPU
		{A2CC9D67-B080-43BC-8D26-4794CF24415A}.Debug|Any CPU.ActiveCfg = Debug|Any CPU
		{A2CC9D67-B080-43BC-8D26-4794CF24415A}.Debug|Any CPU.Build.0 = Debug|Any CPU
		{A2CC9D67-B080-43BC-8D26-4794CF24415A}.Release|Any CPU.ActiveCfg = Release|Any CPU
		{A2CC9D67-B080-43BC-8D26-4794CF24415A}.Release|Any CPU.Build.0 = Release|Any CPU
		{D3017DDA-3CBF-408C-BF39-185310A04817}.Debug|Any CPU.ActiveCfg = Debug|Any CPU
		{D3017DDA-3CBF-408C-BF39-185310A04817}.Debug|Any CPU.Build.0 = Debug|Any CPU
		{D3017DDA-3CBF-408C-BF39-185310A04817}.Release|Any CPU.ActiveCfg = Release|Any CPU
		{D3017DDA-3CBF-408C-BF39-185310A04817}.Release|Any CPU.Build.0 = Release|Any CPU
		{E9CEF5E9-B2BC-4F8A-82E8-F0D2D8929914}.Debug|Any CPU.ActiveCfg = Debug|Any CPU
		{E9CEF5E9-B2BC-4F8A-82E8-F0D2D8929914}.Debug|Any CPU.Build.0 = Debug|Any CPU
		{E9CEF5E9-B2BC-4F8A-82E8-F0D2D8929914}.Release|Any CPU.ActiveCfg = Release|Any CPU
		{E9CEF5E9-B2BC-4F8A-82E8-F0D2D8929914}.Release|Any CPU.Build.0 = Release|Any CPU
	EndGlobalSection
EndGlobal
